// !$*UTF8*$!
{
	archiveVersion = 1;
	classes = {
	};
	objectVersion = 48;
	objects = {

/* Begin PBXBuildFile section */
		75EA12AD205FA44000B6FA4D /* AppDelegate.swift in Sources */ = {isa = PBXBuildFile; fileRef = 75EA12AC205FA44000B6FA4D /* AppDelegate.swift */; };
		75EA12AF205FA44100B6FA4D /* ViewController.swift in Sources */ = {isa = PBXBuildFile; fileRef = 75EA12AE205FA44100B6FA4D /* ViewController.swift */; };
		75EA12B2205FA44100B6FA4D /* Main.storyboard in Resources */ = {isa = PBXBuildFile; fileRef = 75EA12B0205FA44100B6FA4D /* Main.storyboard */; };
		75EA12B4205FA44100B6FA4D /* Assets.xcassets in Resources */ = {isa = PBXBuildFile; fileRef = 75EA12B3205FA44100B6FA4D /* Assets.xcassets */; };
		75EA12B7205FA44100B6FA4D /* LaunchScreen.storyboard in Resources */ = {isa = PBXBuildFile; fileRef = 75EA12B5205FA44100B6FA4D /* LaunchScreen.storyboard */; };
		75EA12C1205FA4A800B6FA4D /* QXMaskView.swift in Sources */ = {isa = PBXBuildFile; fileRef = 75EA12BF205FA4A800B6FA4D /* QXMaskView.swift */; };
		75EA12C2205FA4A800B6FA4D /* QXMaskViewController.swift in Sources */ = {isa = PBXBuildFile; fileRef = 75EA12C0205FA4A800B6FA4D /* QXMaskViewController.swift */; };
/* End PBXBuildFile section */

/* Begin PBXFileReference section */
		75EA12A9205FA44000B6FA4D /* QXMaskView.app */ = {isa = PBXFileReference; explicitFileType = wrapper.application; includeInIndex = 0; path = QXMaskView.app; sourceTree = BUILT_PRODUCTS_DIR; };
		75EA12AC205FA44000B6FA4D /* AppDelegate.swift */ = {isa = PBXFileReference; lastKnownFileType = sourcecode.swift; path = AppDelegate.swift; sourceTree = "<group>"; };
		75EA12AE205FA44100B6FA4D /* ViewController.swift */ = {isa = PBXFileReference; lastKnownFileType = sourcecode.swift; path = ViewController.swift; sourceTree = "<group>"; };
		75EA12B1205FA44100B6FA4D /* Base */ = {isa = PBXFileReference; lastKnownFileType = file.storyboard; name = Base; path = Base.lproj/Main.storyboard; sourceTree = "<group>"; };
		75EA12B3205FA44100B6FA4D /* Assets.xcassets */ = {isa = PBXFileReference; lastKnownFileType = folder.assetcatalog; path = Assets.xcassets; sourceTree = "<group>"; };
		75EA12B6205FA44100B6FA4D /* Base */ = {isa = PBXFileReference; lastKnownFileType = file.storyboard; name = Base; path = Base.lproj/LaunchScreen.storyboard; sourceTree = "<group>"; };
		75EA12B8205FA44100B6FA4D /* Info.plist */ = {isa = PBXFileReference; lastKnownFileType = text.plist.xml; path = Info.plist; sourceTree = "<group>"; };
		75EA12BF205FA4A800B6FA4D /* QXMaskView.swift */ = {isa = PBXFileReference; fileEncoding = 4; lastKnownFileType = sourcecode.swift; path = QXMaskView.swift; sourceTree = "<group>"; };
		75EA12C0205FA4A800B6FA4D /* QXMaskViewController.swift */ = {isa = PBXFileReference; fileEncoding = 4; lastKnownFileType = sourcecode.swift; path = QXMaskViewController.swift; sourceTree = "<group>"; };
/* End PBXFileReference section */

/* Begin PBXFrameworksBuildPhase section */
		75EA12A6205FA44000B6FA4D /* Frameworks */ = {
			isa = PBXFrameworksBuildPhase;
			buildActionMask = 2147483647;
			files = (
			);
			runOnlyForDeploymentPostprocessing = 0;
		};
/* End PBXFrameworksBuildPhase section */

/* Begin PBXGroup section */
		75EA12A0205FA44000B6FA4D = {
			isa = PBXGroup;
			children = (
				75EA12AB205FA44000B6FA4D /* QXMaskView */,
				75EA12AA205FA44000B6FA4D /* Products */,
			);
			sourceTree = "<group>";
		};
		75EA12AA205FA44000B6FA4D /* Products */ = {
			isa = PBXGroup;
			children = (
				75EA12A9205FA44000B6FA4D /* QXMaskView.app */,
			);
			name = Products;
			sourceTree = "<group>";
		};
		75EA12AB205FA44000B6FA4D /* QXMaskView */ = {
			isa = PBXGroup;
			children = (
				75EA12BE205FA4A800B6FA4D /* QXMaskView */,
				75EA12AC205FA44000B6FA4D /* AppDelegate.swift */,
				75EA12AE205FA44100B6FA4D /* ViewController.swift */,
				75EA12B0205FA44100B6FA4D /* Main.storyboard */,
				75EA12B3205FA44100B6FA4D /* Assets.xcassets */,
				75EA12B5205FA44100B6FA4D /* LaunchScreen.storyboard */,
				75EA12B8205FA44100B6FA4D /* Info.plist */,
			);
			path = QXMaskView;
			sourceTree = "<group>";
		};
		75EA12BE205FA4A800B6FA4D /* QXMaskView */ = {
			isa = PBXGroup;
			children = (
				75EA12BF205FA4A800B6FA4D /* QXMaskView.swift */,
				75EA12C0205FA4A800B6FA4D /* QXMaskViewController.swift */,
			);
			path = QXMaskView;
			sourceTree = "<group>";
		};
/* End PBXGroup section */

/* Begin PBXNativeTarget section */
		75EA12A8205FA44000B6FA4D /* QXMaskView */ = {
			isa = PBXNativeTarget;
			buildConfigurationList = 75EA12BB205FA44100B6FA4D /* Build configuration list for PBXNativeTarget "QXMaskView" */;
			buildPhases = (
				75EA12A5205FA44000B6FA4D /* Sources */,
				75EA12A6205FA44000B6FA4D /* Frameworks */,
				75EA12A7205FA44000B6FA4D /* Resources */,
			);
			buildRules = (
			);
			dependencies = (
			);
			name = QXMaskView;
			productName = QXMaskView;
			productReference = 75EA12A9205FA44000B6FA4D /* QXMaskView.app */;
			productType = "com.apple.product-type.application";
		};
/* End PBXNativeTarget section */

/* Begin PBXProject section */
		75EA12A1205FA44000B6FA4D /* Project object */ = {
			isa = PBXProject;
			attributes = {
				LastSwiftUpdateCheck = 0920;
				LastUpgradeCheck = 0920;
				ORGANIZATIONNAME = labi3285;
				TargetAttributes = {
					75EA12A8205FA44000B6FA4D = {
						CreatedOnToolsVersion = 9.2;
						ProvisioningStyle = Automatic;
					};
				};
			};
			buildConfigurationList = 75EA12A4205FA44000B6FA4D /* Build configuration list for PBXProject "QXMaskView" */;
			compatibilityVersion = "Xcode 8.0";
			developmentRegion = en;
			hasScannedForEncodings = 0;
			knownRegions = (
				en,
				Base,
			);
			mainGroup = 75EA12A0205FA44000B6FA4D;
			productRefGroup = 75EA12AA205FA44000B6FA4D /* Products */;
			projectDirPath = "";
			projectRoot = "";
			targets = (
				75EA12A8205FA44000B6FA4D /* QXMaskView */,
			);
		};
/* End PBXProject section */

/* Begin PBXResourcesBuildPhase section */
		75EA12A7205FA44000B6FA4D /* Resources */ = {
			isa = PBXResourcesBuildPhase;
			buildActionMask = 2147483647;
			files = (
				75EA12B7205FA44100B6FA4D /* LaunchScreen.storyboard in Resources */,
				75EA12B4205FA44100B6FA4D /* Assets.xcassets in Resources */,
				75EA12B2205FA44100B6FA4D /* Main.storyboard in Resources */,
			);
			runOnlyForDeploymentPostprocessing = 0;
		};
/* End PBXResourcesBuildPhase section */

/* Begin PBXSourcesBuildPhase section */
		75EA12A5205FA44000B6FA4D /* Sources */ = {
			isa = PBXSourcesBuildPhase;
			buildActionMask = 2147483647;
			files = (
				75EA12C1205FA4A800B6FA4D /* QXMaskView.swift in Sources */,
				75EA12C2205FA4A800B6FA4D /* QXMaskViewController.swift in Sources */,
				75EA12AF205FA44100B6FA4D /* ViewController.swift in Sources */,
				75EA12AD205FA44000B6FA4D /* AppDelegate.swift in Sources */,
			);
			runOnlyForDeploymentPostprocessing = 0;
		};
/* End PBXSourcesBuildPhase section */

/* Begin PBXVariantGroup section */
		75EA12B0205FA44100B6FA4D /* Main.storyboard */ = {
			isa = PBXVariantGroup;
			children = (
				75EA12B1205FA44100B6FA4D /* Base */,
			);
			name = Main.storyboard;
			sourceTree = "<group>";
		};
		75EA12B5205FA44100B6FA4D /* LaunchScreen.storyboard */ = {
			isa = PBXVariantGroup;
			children = (
				75EA12B6205FA44100B6FA4D /* Base */,
			);
			name = LaunchScreen.storyboard;
			sourceTree = "<group>";
		};
/* End PBXVariantGroup section */

/* Begin XCBuildConfiguration section */
		75EA12B9205FA44100B6FA4D /* Debug */ = {
			isa = XCBuildConfiguration;
			buildSettings = {
				ALWAYS_SEARCH_USER_PATHS = NO;
				CLANG_ANALYZER_NONNULL = YES;
				CLANG_ANALYZER_NUMBER_OBJECT_CONVERSION = YES_AGGRESSIVE;
				CLANG_CXX_LANGUAGE_STANDARD = "gnu++14";
				CLANG_CXX_LIBRARY = "libc++";
				CLANG_ENABLE_MODULES = YES;
				CLANG_ENABLE_OBJC_ARC = YES;
				CLANG_WARN_BLOCK_CAPTURE_AUTORELEASING = YES;
				CLANG_WARN_BOOL_CONVERSION = YES;
				CLANG_WARN_COMMA = YES;
				CLANG_WARN_CONSTANT_CONVERSION = YES;
				CLANG_WARN_DIRECT_OBJC_ISA_USAGE = YES_ERROR;
				CLANG_WARN_DOCUMENTATION_COMMENTS = YES;
				CLANG_WARN_EMPTY_BODY = YES;
				CLANG_WARN_ENUM_CONVERSION = YES;
				CLANG_WARN_INFINITE_RECURSION = YES;
				CLANG_WARN_INT_CONVERSION = YES;
				CLANG_WARN_NON_LITERAL_NULL_CONVERSION = YES;
				CLANG_WARN_OBJC_LITERAL_CONVERSION = YES;
				CLANG_WARN_OBJC_ROOT_CLASS = YES_ERROR;
				CLANG_WARN_RANGE_LOOP_ANALYSIS = YES;
				CLANG_WARN_STRICT_PROTOTYPES = YES;
				CLANG_WARN_SUSPICIOUS_MOVE = YES;
				CLANG_WARN_UNGUARDED_AVAILABILITY = YES_AGGRESSIVE;
				CLANG_WARN_UNREACHABLE_CODE = YES;
				CLANG_WARN__DUPLICATE_METHOD_MATCH = YES;
				CODE_SIGN_IDENTITY = "iPhone Developer";
				COPY_PHASE_STRIP = NO;
				DEBUG_INFORMATION_FORMAT = dwarf;
				ENABLE_STRICT_OBJC_MSGSEND = YES;
				ENABLE_TESTABILITY = YES;
				GCC_C_LANGUAGE_STANDARD = gnu11;
				GCC_DYNAMIC_NO_PIC = NO;
				GCC_NO_COMMON_BLOCKS = YES;
				GCC_OPTIMIZATION_LEVEL = 0;
				GCC_PREPROCESSOR_DEFINITIONS = (
					"DEBUG=1",
					"$(inherited)",
				);
				GCC_WARN_64_TO_32_BIT_CONVERSION = YES;
				GCC_WARN_ABOUT_RETURN_TYPE = YES_ERROR;
				GCC_WARN_UNDECLARED_SELECTOR = YES;
				GCC_WARN_UNINITIALIZED_AUTOS = YES_AGGRESSIVE;
				GCC_WARN_UNUSED_FUNCTION = YES;
				GCC_WARN_UNUSED_VARIABLE = YES;
				IPHONEOS_DEPLOYMENT_TARGET = 11.2;
				MTL_ENABLE_DEBUG_INFO = YES;
				ONLY_ACTIVE_ARCH = YES;
				SDKROOT = iphoneos;
				SWIFT_ACTIVE_COMPILATION_CONDITIONS = DEBUG;
				SWIFT_OPTIMIZATION_LEVEL = "-Onone";
			};
			name = Debug;
		};
		75EA12BA205FA44100B6FA4D /* Release */ = {
			isa = XCBuildConfiguration;
			buildSettings = {
				ALWAYS_SEARCH_USER_PATHS = NO;
				CLANG_ANALYZER_NONNULL = YES;
				CLANG_ANALYZER_NUMBER_OBJECT_CONVERSION = YES_AGGRESSIVE;
				CLANG_CXX_LANGUAGE_STANDARD = "gnu++14";
				CLANG_CXX_LIBRARY = "libc++";
				CLANG_ENABLE_MODULES = YES;
				CLANG_ENABLE_OBJC_ARC = YES;
				CLANG_WARN_BLOCK_CAPTURE_AUTORELEASING = YES;
				CLANG_WARN_BOOL_CONVERSION = YES;
				CLANG_WARN_COMMA = YES;
				CLANG_WARN_CONSTANT_CONVERSION = YES;
				CLANG_WARN_DIRECT_OBJC_ISA_USAGE = YES_ERROR;
				CLANG_WARN_DOCUMENTATION_COMMENTS = YES;
				CLANG_WARN_EMPTY_BODY = YES;
				CLANG_WARN_ENUM_CONVERSION = YES;
				CLANG_WARN_INFINITE_RECURSION = YES;
				CLANG_WARN_INT_CONVERSION = YES;
				CLANG_WARN_NON_LITERAL_NULL_CONVERSION = YES;
				CLANG_WARN_OBJC_LITERAL_CONVERSION = YES;
				CLANG_WARN_OBJC_ROOT_CLASS = YES_ERROR;
				CLANG_WARN_RANGE_LOOP_ANALYSIS = YES;
				CLANG_WARN_STRICT_PROTOTYPES = YES;
				CLANG_WARN_SUSPICIOUS_MOVE = YES;
				CLANG_WARN_UNGUARDED_AVAILABILITY = YES_AGGRESSIVE;
				CLANG_WARN_UNREACHABLE_CODE = YES;
				CLANG_WARN__DUPLICATE_METHOD_MATCH = YES;
				CODE_SIGN_IDENTITY = "iPhone Developer";
				COPY_PHASE_STRIP = NO;
				DEBUG_INFORMATION_FORMAT = "dwarf-with-dsym";
				ENABLE_NS_ASSERTIONS = NO;
				ENABLE_STRICT_OBJC_MSGSEND = YES;
				GCC_C_LANGUAGE_STANDARD = gnu11;
				GCC_NO_COMMON_BLOCKS = YES;
				GCC_WARN_64_TO_32_BIT_CONVERSION = YES;
				GCC_WARN_ABOUT_RETURN_TYPE = YES_ERROR;
				GCC_WARN_UNDECLARED_SELECTOR = YES;
				GCC_WARN_UNINITIALIZED_AUTOS = YES_AGGRESSIVE;
				GCC_WARN_UNUSED_FUNCTION = YES;
				GCC_WARN_UNUSED_VARIABLE = YES;
				IPHONEOS_DEPLOYMENT_TARGET = 11.2;
				MTL_ENABLE_DEBUG_INFO = NO;
				SDKROOT = iphoneos;
				SWIFT_OPTIMIZATION_LEVEL = "-Owholemodule";
				VALIDATE_PRODUCT = YES;
			};
			name = Release;
		};
		75EA12BC205FA44100B6FA4D /* Debug */ = {
			isa = XCBuildConfiguration;
			buildSettings = {
				ASSETCATALOG_COMPILER_APPICON_NAME = AppIcon;
				CODE_SIGN_STYLE = Automatic;
				INFOPLIST_FILE = QXMaskView/Info.plist;
				LD_RUNPATH_SEARCH_PATHS = "$(inherited) @executable_path/Frameworks";
				PRODUCT_BUNDLE_IDENTIFIER = com.labi3285.QXMaskView;
				PRODUCT_NAME = "$(TARGET_NAME)";
				SWIFT_VERSION = 4.0;
				TARGETED_DEVICE_FAMILY = "1,2";
			};
			name = Debug;
		};
		75EA12BD205FA44100B6FA4D /* Release */ = {
			isa = XCBuildConfiguration;
			buildSettings = {
				ASSETCATALOG_COMPILER_APPICON_NAME = AppIcon;
				CODE_SIGN_STYLE = Automatic;
				INFOPLIST_FILE = QXMaskView/Info.plist;
				LD_RUNPATH_SEARCH_PATHS = "$(inherited) @executable_path/Frameworks";
				PRODUCT_BUNDLE_IDENTIFIER = com.labi3285.QXMaskView;
				PRODUCT_NAME = "$(TARGET_NAME)";
				SWIFT_VERSION = 4.0;
				TARGETED_DEVICE_FAMILY = "1,2";
			};
			name = Release;
		};
/* End XCBuildConfiguration section */

/* Begin XCConfigurationList section */
		75EA12A4205FA44000B6FA4D /* Build configuration list for PBXProject "QXMaskView" */ = {
			isa = XCConfigurationList;
			buildConfigurations = (
				75EA12B9205FA44100B6FA4D /* Debug */,
				75EA12BA205FA44100B6FA4D /* Release */,
			);
			defaultConfigurationIsVisible = 0;
			defaultConfigurationName = Release;
		};
		75EA12BB205FA44100B6FA4D /* Build configuration list for PBXNativeTarget "QXMaskView" */ = {
			isa = XCConfigurationList;
			buildConfigurations = (
				75EA12BC205FA44100B6FA4D /* Debug */,
				75EA12BD205FA44100B6FA4D /* Release */,
			);
			defaultConfigurationIsVisible = 0;
			defaultConfigurationName = Release;
		};
/* End XCConfigurationList section */
	};
	rootObject = 75EA12A1205FA44000B6FA4D /* Project object */;
}
